
Microsoft Visual Studio Solution File, Format Version 12.00
# Visual Studio Version 17
VisualStudioVersion = 17.11.35312.102
MinimumVisualStudioVersion = 10.0.40219.1
Project("{FAE04EC0-301F-11D3-BF4B-00C04F79EFBC}") = "ListaDeTareas", "ListaDeTareas\ListaDeTareas.csproj", "{38ED6617-FA93-4349-9FB8-2E1DEE385361}"
EndProject
Global
	GlobalSection(SolutionConfigurationPlatforms) = preSolution
		Debug|Any CPU = Debug|Any CPU
		Release|Any CPU = Release|Any CPU
	EndGlobalSection
	GlobalSection(ProjectConfigurationPlatforms) = postSolution
		{38ED6617-FA93-4349-9FB8-2E1DEE385361}.Debug|Any CPU.ActiveCfg = Debug|Any CPU
		{38ED6617-FA93-4349-9FB8-2E1DEE385361}.Debug|Any CPU.Build.0 = Debug|Any CPU
		{38ED6617-FA93-4349-9FB8-2E1DEE385361}.Debug|Any CPU.Deploy.0 = Debug|Any CPU
		{38ED6617-FA93-4349-9FB8-2E1DEE385361}.Release|Any CPU.ActiveCfg = Release|Any CPU
		{38ED6617-FA93-4349-9FB8-2E1DEE385361}.Release|Any CPU.Build.0 = Release|Any CPU
		{38ED6617-FA93-4349-9FB8-2E1DEE385361}.Release|Any CPU.Deploy.0 = Release|Any CPU
	EndGlobalSection
	GlobalSection(SolutionProperties) = preSolution
		HideSolutionNode = FALSE
	EndGlobalSection
	GlobalSection(ExtensibilityGlobals) = postSolution
		SolutionGuid = {26567B39-1E92-4AB6-A398-05614B243A14}
	EndGlobalSection
EndGlobal
